
Microsoft Visual Studio Solution File, Format Version 12.00
# Visual Studio 14
VisualStudioVersion = 14.0.25123.0
MinimumVisualStudioVersion = 10.0.40219.1
Project("{FAE04EC0-301F-11D3-BF4B-00C04F79EFBC}") = "ToUnicode", "ToUnicode\ToUnicode.csproj", "{73CC19D6-F31A-4105-A42C-326964D9498B}"
EndProject
Global
	GlobalSection(SolutionConfigurationPlatforms) = preSolution
		Debug|Any CPU = Debug|Any CPU
		Release|Any CPU = Release|Any CPU
	EndGlobalSection
	GlobalSection(ProjectConfigurationPlatforms) = postSolution
		{73CC19D6-F31A-4105-A42C-326964D9498B}.Debug|Any CPU.ActiveCfg = Debug|Any CPU
		{73CC19D6-F31A-4105-A42C-326964D9498B}.Debug|Any CPU.Build.0 = Debug|Any CPU
		{73CC19D6-F31A-4105-A42C-326964D9498B}.Release|Any CPU.ActiveCfg = Release|Any CPU
		{73CC19D6-F31A-4105-A42C-326964D9498B}.Release|Any CPU.Build.0 = Release|Any CPU
	EndGlobalSection
	GlobalSection(SolutionProperties) = preSolution
		HideSolutionNode = FALSE
	EndGlobalSection
EndGlobal
